
Microsoft Visual Studio Solution File, Format Version 12.00
# Visual Studio 15
VisualStudioVersion = 15.0.28307.421
MinimumVisualStudioVersion = 10.0.40219.1
Project("{FAE04EC0-301F-11D3-BF4B-00C04F79EFBC}") = "DevOpsHOL", "DevOpsHOL\DevOpsHOL.csproj", "{DAE973CB-3D0F-48A2-AEB6-C8FD63A6AF95}"
EndProject
Global
	GlobalSection(SolutionConfigurationPlatforms) = preSolution
		Debug|Any CPU = Debug|Any CPU
		Release|Any CPU = Release|Any CPU
	EndGlobalSection
	GlobalSection(ProjectConfigurationPlatforms) = postSolution
		{DAE973CB-3D0F-48A2-AEB6-C8FD63A6AF95}.Debug|Any CPU.ActiveCfg = Debug|Any CPU
		{DAE973CB-3D0F-48A2-AEB6-C8FD63A6AF95}.Debug|Any CPU.Build.0 = Debug|Any CPU
		{DAE973CB-3D0F-48A2-AEB6-C8FD63A6AF95}.Release|Any CPU.ActiveCfg = Release|Any CPU
		{DAE973CB-3D0F-48A2-AEB6-C8FD63A6AF95}.Release|Any CPU.Build.0 = Release|Any CPU
	EndGlobalSection
	GlobalSection(SolutionProperties) = preSolution
		HideSolutionNode = FALSE
	EndGlobalSection
	GlobalSection(ExtensibilityGlobals) = postSolution
		SolutionGuid = {29810543-4A86-4DEC-A067-E1B180C55E0E}
	EndGlobalSection
EndGlobal
